
Microsoft Visual Studio Solution File, Format Version 12.00
# Visual Studio Version 17
VisualStudioVersion = 17.5.002.0
MinimumVisualStudioVersion = 10.0.40219.1
Project("{FAE04EC0-301F-11D3-BF4B-00C04F79EFBC}") = "AOC2023", "AOC2023\AOC2023.csproj", "{5581C384-540B-44D6-9B5E-800040511193}"
EndProject
Global
	GlobalSection(SolutionConfigurationPlatforms) = preSolution
		Debug|Any CPU = Debug|Any CPU
		Release|Any CPU = Release|Any CPU
	EndGlobalSection
	GlobalSection(ProjectConfigurationPlatforms) = postSolution
		{5581C384-540B-44D6-9B5E-800040511193}.Debug|Any CPU.ActiveCfg = Debug|Any CPU
		{5581C384-540B-44D6-9B5E-800040511193}.Debug|Any CPU.Build.0 = Debug|Any CPU
		{5581C384-540B-44D6-9B5E-800040511193}.Release|Any CPU.ActiveCfg = Release|Any CPU
		{5581C384-540B-44D6-9B5E-800040511193}.Release|Any CPU.Build.0 = Release|Any CPU
	EndGlobalSection
	GlobalSection(SolutionProperties) = preSolution
		HideSolutionNode = FALSE
	EndGlobalSection
	GlobalSection(ExtensibilityGlobals) = postSolution
		SolutionGuid = {26205FAA-8E42-4FA0-B868-45D9711F22EE}
	EndGlobalSection
EndGlobal
